# This file is generated by running "yarn install" inside your project.
# Manual changes might be lost - proceed with caution!

__metadata:
  version: 8
  cacheKey: 10c0

"@biomejs/biome@npm:^2.0.6":
  version: 2.1.1
  resolution: "@biomejs/biome@npm:2.1.1"
  dependencies:
    "@biomejs/cli-darwin-arm64": "npm:2.1.1"
    "@biomejs/cli-darwin-x64": "npm:2.1.1"
    "@biomejs/cli-linux-arm64": "npm:2.1.1"
    "@biomejs/cli-linux-arm64-musl": "npm:2.1.1"
    "@biomejs/cli-linux-x64": "npm:2.1.1"
    "@biomejs/cli-linux-x64-musl": "npm:2.1.1"
    "@biomejs/cli-win32-arm64": "npm:2.1.1"
    "@biomejs/cli-win32-x64": "npm:2.1.1"
  dependenciesMeta:
    "@biomejs/cli-darwin-arm64":
      optional: true
    "@biomejs/cli-darwin-x64":
      optional: true
    "@biomejs/cli-linux-arm64":
      optional: true
    "@biomejs/cli-linux-arm64-musl":
      optional: true
    "@biomejs/cli-linux-x64":
      optional: true
    "@biomejs/cli-linux-x64-musl":
      optional: true
    "@biomejs/cli-win32-arm64":
      optional: true
    "@biomejs/cli-win32-x64":
      optional: true
  bin:
    biome: bin/biome
  checksum: 10c0/16efcf85b5b4434802b5541f9068ce9f58f2e195824936991c7217fda7b290b9a0e2ae6bc9e3c3e65e9f5492a3a3f0d0a9cf024cfae84ddc2b05b6e260b3bd2d
  languageName: node
  linkType: hard

"@biomejs/cli-darwin-arm64@npm:2.1.1":
  version: 2.1.1
  resolution: "@biomejs/cli-darwin-arm64@npm:2.1.1"
  conditions: os=darwin & cpu=arm64
  languageName: node
  linkType: hard

"@biomejs/cli-darwin-x64@npm:2.1.1":
  version: 2.1.1
  resolution: "@biomejs/cli-darwin-x64@npm:2.1.1"
  conditions: os=darwin & cpu=x64
  languageName: node
  linkType: hard

"@biomejs/cli-linux-arm64-musl@npm:2.1.1":
  version: 2.1.1
  resolution: "@biomejs/cli-linux-arm64-musl@npm:2.1.1"
  conditions: os=linux & cpu=arm64 & libc=musl
  languageName: node
  linkType: hard

"@biomejs/cli-linux-arm64@npm:2.1.1":
  version: 2.1.1
  resolution: "@biomejs/cli-linux-arm64@npm:2.1.1"
  conditions: os=linux & cpu=arm64 & libc=glibc
  languageName: node
  linkType: hard

"@biomejs/cli-linux-x64-musl@npm:2.1.1":
  version: 2.1.1
  resolution: "@biomejs/cli-linux-x64-musl@npm:2.1.1"
  conditions: os=linux & cpu=x64 & libc=musl
  languageName: node
  linkType: hard

"@biomejs/cli-linux-x64@npm:2.1.1":
  version: 2.1.1
  resolution: "@biomejs/cli-linux-x64@npm:2.1.1"
  conditions: os=linux & cpu=x64 & libc=glibc
  languageName: node
  linkType: hard

"@biomejs/cli-win32-arm64@npm:2.1.1":
  version: 2.1.1
  resolution: "@biomejs/cli-win32-arm64@npm:2.1.1"
  conditions: os=win32 & cpu=arm64
  languageName: node
  linkType: hard

"@biomejs/cli-win32-x64@npm:2.1.1":
  version: 2.1.1
  resolution: "@biomejs/cli-win32-x64@npm:2.1.1"
  conditions: os=win32 & cpu=x64
  languageName: node
  linkType: hard

"@dotenvx/dotenvx@npm:^1.47.4":
  version: 1.47.4
  resolution: "@dotenvx/dotenvx@npm:1.47.4"
  dependencies:
    commander: "npm:^11.1.0"
    dotenv: "npm:^16.4.5"
    eciesjs: "npm:^0.4.10"
    execa: "npm:^5.1.1"
    fdir: "npm:^6.2.0"
    ignore: "npm:^5.3.0"
    object-treeify: "npm:1.1.33"
    picomatch: "npm:^4.0.2"
    which: "npm:^4.0.0"
  bin:
    dotenvx: src/cli/dotenvx.js
  checksum: 10c0/c4adb84521b01b2d993b593e9b78863fa2720750c7b7fbd91ee011541a912d9892f6d5acadb48bae2f8b4a885f2c9e274696619dd162de8e4e2d8d15ade50452
  languageName: node
  linkType: hard

"@ecies/ciphers@npm:^0.2.3":
  version: 0.2.4
  resolution: "@ecies/ciphers@npm:0.2.4"
  peerDependencies:
    "@noble/ciphers": ^1.0.0
  checksum: 10c0/fc9a1be681b3509e6a828269d8c08dfe156276b5378a1f5fe85cd389fe43c46d6efad0438219b08a99951e918c32a9e07ce7b6d72adfd71b42dcae92a613286b
  languageName: node
  linkType: hard

"@hey-api/client-fetch@npm:^0.13.1":
  version: 0.13.1
  resolution: "@hey-api/client-fetch@npm:0.13.1"
  peerDependencies:
    "@hey-api/openapi-ts": < 2
  checksum: 10c0/2c144edd852475062ac2631a08e611d06d7c09b2cdf608ac02eb95de96df12fc83f49954f655733958f4279ab6cc5f179d2f8ba1c8e074bb0f476f51604a2623
  languageName: node
  linkType: hard

"@inquirer/checkbox@npm:^4.1.9":
  version: 4.1.9
  resolution: "@inquirer/checkbox@npm:4.1.9"
  dependencies:
    "@inquirer/core": "npm:^10.1.14"
    "@inquirer/figures": "npm:^1.0.12"
    "@inquirer/type": "npm:^3.0.7"
    ansi-escapes: "npm:^4.3.2"
    yoctocolors-cjs: "npm:^2.1.2"
  peerDependencies:
    "@types/node": ">=18"
  peerDependenciesMeta:
    "@types/node":
      optional: true
  checksum: 10c0/d1a93c31f3dad37f060bfdb6a8ba53f2cd36cfca7766c464c34aa95ecf691956c32be2f5b71cc8633ed7581452a04ab7b3a025d662270460d21b25069651ed42
  languageName: node
  linkType: hard

"@inquirer/confirm@npm:^5.1.13":
  version: 5.1.13
  resolution: "@inquirer/confirm@npm:5.1.13"
  dependencies:
    "@inquirer/core": "npm:^10.1.14"
    "@inquirer/type": "npm:^3.0.7"
  peerDependencies:
    "@types/node": ">=18"
  peerDependenciesMeta:
    "@types/node":
      optional: true
  checksum: 10c0/e09af25c4b4f51fdc7c6780e2325217515d3970a8baab3597ae27ea8d0ed68527c19b3ae95f85eeb62d880f6e8a0f3bff91277f0f46e092e993ca18ad17e4993
  languageName: node
  linkType: hard

"@inquirer/core@npm:^10.1.14":
  version: 10.1.14
  resolution: "@inquirer/core@npm:10.1.14"
  dependencies:
    "@inquirer/figures": "npm:^1.0.12"
    "@inquirer/type": "npm:^3.0.7"
    ansi-escapes: "npm:^4.3.2"
    cli-width: "npm:^4.1.0"
    mute-stream: "npm:^2.0.0"
    signal-exit: "npm:^4.1.0"
    wrap-ansi: "npm:^6.2.0"
    yoctocolors-cjs: "npm:^2.1.2"
  peerDependencies:
    "@types/node": ">=18"
  peerDependenciesMeta:
    "@types/node":
      optional: true
  checksum: 10c0/2553eb059201ebb182eb8e55a278ce3f2848a3abdfcf26e651b57b146f35baa19a286af0365ee5968b4459a1be93864ebf205a7af32fed8f995b394750a1d1f4
  languageName: node
  linkType: hard

"@inquirer/editor@npm:^4.2.14":
  version: 4.2.14
  resolution: "@inquirer/editor@npm:4.2.14"
  dependencies:
    "@inquirer/core": "npm:^10.1.14"
    "@inquirer/type": "npm:^3.0.7"
    external-editor: "npm:^3.1.0"
  peerDependencies:
    "@types/node": ">=18"
  peerDependenciesMeta:
    "@types/node":
      optional: true
  checksum: 10c0/40e85b4a598f3541f96185c61f0a5ba9abf9385f28cef8b8a1f9570729bbb98f32c80e98e4ce63bd3d07d4011b770d945587d9c6eecce3b03eb2ec08bd7f37ea
  languageName: node
  linkType: hard

"@inquirer/expand@npm:^4.0.16":
  version: 4.0.16
  resolution: "@inquirer/expand@npm:4.0.16"
  dependencies:
    "@inquirer/core": "npm:^10.1.14"
    "@inquirer/type": "npm:^3.0.7"
    yoctocolors-cjs: "npm:^2.1.2"
  peerDependencies:
    "@types/node": ">=18"
  peerDependenciesMeta:
    "@types/node":
      optional: true
  checksum: 10c0/919e314c5bd86b957b491eff6aa79c990908b7898fc5d02968920be7866449d9dbf9bc33831eab922682e60b98553d753d1a3de6667fa6b1aa6443f457732713
  languageName: node
  linkType: hard

"@inquirer/figures@npm:^1.0.12":
  version: 1.0.12
  resolution: "@inquirer/figures@npm:1.0.12"
  checksum: 10c0/08694288bdf9aa474571ca94272113a5ac443229519ce71447eba9eb7d5a2007901bdc3e92216d929a69746dcbac29683886c20e67b7864a7c7f6c59b99d3269
  languageName: node
  linkType: hard

"@inquirer/input@npm:^4.2.0":
  version: 4.2.0
  resolution: "@inquirer/input@npm:4.2.0"
  dependencies:
    "@inquirer/core": "npm:^10.1.14"
    "@inquirer/type": "npm:^3.0.7"
  peerDependencies:
    "@types/node": ">=18"
  peerDependenciesMeta:
    "@types/node":
      optional: true
  checksum: 10c0/c9b671bbb8c8079e975c9138951b7abb6b06e04a44e47286b659569080140f5f18015ba3f2d55e90c5060a313a3c3e9e115138feced7abe7a94a43190a052199
  languageName: node
  linkType: hard

"@inquirer/number@npm:^3.0.16":
  version: 3.0.16
  resolution: "@inquirer/number@npm:3.0.16"
  dependencies:
    "@inquirer/core": "npm:^10.1.14"
    "@inquirer/type": "npm:^3.0.7"
  peerDependencies:
    "@types/node": ">=18"
  peerDependenciesMeta:
    "@types/node":
      optional: true
  checksum: 10c0/066230f02cd253fe26cd78493c7c20b59063c8c2de5c8f5fadcaf4eb8650efc9e6555ba7d3703cc9ba7a751663f60e62e24b4a319d9536afa7ced7459e9b2320
  languageName: node
  linkType: hard

"@inquirer/password@npm:^4.0.16":
  version: 4.0.16
  resolution: "@inquirer/password@npm:4.0.16"
  dependencies:
    "@inquirer/core": "npm:^10.1.14"
    "@inquirer/type": "npm:^3.0.7"
    ansi-escapes: "npm:^4.3.2"
  peerDependencies:
    "@types/node": ">=18"
  peerDependenciesMeta:
    "@types/node":
      optional: true
  checksum: 10c0/b77c57ba152b50c640cd77637d1ed23662059689546e33b235937e7e108fbbf72b9b5c61834c545f74f1d18d5c836ef5a0dc78da31ea6affe9842c3471a27325
  languageName: node
  linkType: hard

"@inquirer/prompts@npm:^7.6.0":
  version: 7.6.0
  resolution: "@inquirer/prompts@npm:7.6.0"
  dependencies:
    "@inquirer/checkbox": "npm:^4.1.9"
    "@inquirer/confirm": "npm:^5.1.13"
    "@inquirer/editor": "npm:^4.2.14"
    "@inquirer/expand": "npm:^4.0.16"
    "@inquirer/input": "npm:^4.2.0"
    "@inquirer/number": "npm:^3.0.16"
    "@inquirer/password": "npm:^4.0.16"
    "@inquirer/rawlist": "npm:^4.1.4"
    "@inquirer/search": "npm:^3.0.16"
    "@inquirer/select": "npm:^4.2.4"
  peerDependencies:
    "@types/node": ">=18"
  peerDependenciesMeta:
    "@types/node":
      optional: true
  checksum: 10c0/a00186a71388308a1bc83bd96fef14c702b6cfa34ecd7c7cf880405295b25aefd18a3b79363d788c9c31a2aa5e30732d21467a5b716fc35cc5fd303745ff2218
  languageName: node
  linkType: hard

"@inquirer/rawlist@npm:^4.1.4":
  version: 4.1.4
  resolution: "@inquirer/rawlist@npm:4.1.4"
  dependencies:
    "@inquirer/core": "npm:^10.1.14"
    "@inquirer/type": "npm:^3.0.7"
    yoctocolors-cjs: "npm:^2.1.2"
  peerDependencies:
    "@types/node": ">=18"
  peerDependenciesMeta:
    "@types/node":
      optional: true
  checksum: 10c0/2ee08bbdd982e4d565dc37b38b4f45e5a040ea1e60e3f8ec808106c1b541585e9a5c3a18f795ae2168820695ad55fb88b2e391c3a0d616a4e74620250292e2d3
  languageName: node
  linkType: hard

"@inquirer/search@npm:^3.0.16":
  version: 3.0.16
  resolution: "@inquirer/search@npm:3.0.16"
  dependencies:
    "@inquirer/core": "npm:^10.1.14"
    "@inquirer/figures": "npm:^1.0.12"
    "@inquirer/type": "npm:^3.0.7"
    yoctocolors-cjs: "npm:^2.1.2"
  peerDependencies:
    "@types/node": ">=18"
  peerDependenciesMeta:
    "@types/node":
      optional: true
  checksum: 10c0/34330cec50dd72669cdee14a413e7b43dee0e09c8f181a86ccfbdac424b6296e39dcc3c5992168d06c8f5e4cab54644913d5281723fa7a0f454c2c3cafeea192
  languageName: node
  linkType: hard

"@inquirer/select@npm:^4.2.4":
  version: 4.2.4
  resolution: "@inquirer/select@npm:4.2.4"
  dependencies:
    "@inquirer/core": "npm:^10.1.14"
    "@inquirer/figures": "npm:^1.0.12"
    "@inquirer/type": "npm:^3.0.7"
    ansi-escapes: "npm:^4.3.2"
    yoctocolors-cjs: "npm:^2.1.2"
  peerDependencies:
    "@types/node": ">=18"
  peerDependenciesMeta:
    "@types/node":
      optional: true
  checksum: 10c0/8c2dff78f331a52862252ffbc2ad1b8b91cbc556c2af1e6acc5878855ffff7048bb45eefa53e0ef4fbf5310361d9986d10c2882c2355f815e05d635cab9bb679
  languageName: node
  linkType: hard

"@inquirer/type@npm:^3.0.7":
  version: 3.0.7
  resolution: "@inquirer/type@npm:3.0.7"
  peerDependencies:
    "@types/node": ">=18"
  peerDependenciesMeta:
    "@types/node":
      optional: true
  checksum: 10c0/bbaa33c274a10f70d3a587264e1db6dbfcd8c1458d595c54870d1d5b3fc113ab5063203ec12a098485bb9e2fcef1a87d8c6ecd2a6d44ddc575f5c4715379be5e
  languageName: node
  linkType: hard

"@miab-inwx/cli@workspace:apps/cli":
  version: 0.0.0-use.local
  resolution: "@miab-inwx/cli@workspace:apps/cli"
  dependencies:
    "@dotenvx/dotenvx": "npm:^1.47.4"
    "@inquirer/prompts": "npm:^7.6.0"
    "@miab-inwx/inwx-client": "workspace:*"
    "@miab-inwx/miab-client": "workspace:*"
    "@types/node": "npm:^24.0.12"
    "@types/yargs": "npm:^17.0.33"
    domrobot-client: "npm:^3.3.0"
    typescript: "npm:^5.0.0"
    yargs: "npm:^18.0.0"
  bin:
    miab-cli: node --experimental-specifier-resolution=node --experimental-strip-types --experimental-transform-types --no-warnings ./src/index.ts
  languageName: unknown
  linkType: soft

"@miab-inwx/inwx-client@workspace:*, @miab-inwx/inwx-client@workspace:packages/inwx-client":
  version: 0.0.0-use.local
  resolution: "@miab-inwx/inwx-client@workspace:packages/inwx-client"
  dependencies:
    domrobot-client: "npm:^3.3.0"
  languageName: unknown
  linkType: soft

"@miab-inwx/miab-client@workspace:*, @miab-inwx/miab-client@workspace:packages/miab-client":
  version: 0.0.0-use.local
  resolution: "@miab-inwx/miab-client@workspace:packages/miab-client"
  dependencies:
    "@hey-api/client-fetch": "npm:^0.13.1"
  languageName: unknown
  linkType: soft

"@miab-inwx/root@workspace:.":
  version: 0.0.0-use.local
  resolution: "@miab-inwx/root@workspace:."
  dependencies:
    "@biomejs/biome": "npm:^2.0.6"
    typescript: "npm:^5.8.3"
  languageName: unknown
  linkType: soft

"@noble/ciphers@npm:^1.3.0":
  version: 1.3.0
  resolution: "@noble/ciphers@npm:1.3.0"
  checksum: 10c0/3ba6da645ce45e2f35e3b2e5c87ceba86b21dfa62b9466ede9edfb397f8116dae284f06652c0cd81d99445a2262b606632e868103d54ecc99fd946ae1af8cd37
  languageName: node
  linkType: hard

"@noble/curves@npm:^1.9.1":
  version: 1.9.2
  resolution: "@noble/curves@npm:1.9.2"
  dependencies:
    "@noble/hashes": "npm:1.8.0"
  checksum: 10c0/21d049ae4558beedbf5da0004407b72db84360fa29d64822d82dc9e80251e1ecb46023590cc4b20e70eed697d1b87279b4911dc39f8694c51c874289cfc8e9a7
  languageName: node
  linkType: hard

"@noble/hashes@npm:1.8.0, @noble/hashes@npm:^1.8.0":
  version: 1.8.0
  resolution: "@noble/hashes@npm:1.8.0"
  checksum: 10c0/06a0b52c81a6fa7f04d67762e08b2c476a00285858150caeaaff4037356dd5e119f45b2a530f638b77a5eeca013168ec1b655db41bae3236cb2e9d511484fc77
  languageName: node
  linkType: hard

"@otplib/core@npm:^12.0.1":
  version: 12.0.1
  resolution: "@otplib/core@npm:12.0.1"
  checksum: 10c0/efe703d92d50cf11b39e47fc6ccd10c01d8bfbd9423724e88aecf2470f740562b2422c10b779e0b7d1d29c09f5d3d00de69200f04c8250e2adeb13a15e5dee7f
  languageName: node
  linkType: hard

"@otplib/plugin-crypto@npm:^12.0.1":
  version: 12.0.1
  resolution: "@otplib/plugin-crypto@npm:12.0.1"
  dependencies:
    "@otplib/core": "npm:^12.0.1"
  checksum: 10c0/7ad0cda9c643411a13a118bcf0d031ef61a9031f794a21b549fb3f1e38334f83c5481a9f706eb5b25066325759c1a598fbc1f9c05c4620dff5addccbe2ad23ad
  languageName: node
  linkType: hard

"@otplib/plugin-thirty-two@npm:^12.0.1":
  version: 12.0.1
  resolution: "@otplib/plugin-thirty-two@npm:12.0.1"
  dependencies:
    "@otplib/core": "npm:^12.0.1"
    thirty-two: "npm:^1.0.2"
  checksum: 10c0/971a6f592c0f33cb258dcb750f6f0c058cbfd45e0212ea6f29d0c75dc6c5fcb67dbc8f19c3e8ae710e93292319b8d3d15fd7281714deae9fadaab794f9d44544
  languageName: node
  linkType: hard

"@otplib/preset-default@npm:^12.0.1":
  version: 12.0.1
  resolution: "@otplib/preset-default@npm:12.0.1"
  dependencies:
    "@otplib/core": "npm:^12.0.1"
    "@otplib/plugin-crypto": "npm:^12.0.1"
    "@otplib/plugin-thirty-two": "npm:^12.0.1"
  checksum: 10c0/cd683861b96d04b7581534169a5a130fc049bd3188a850a1642ba4cf2a53866dedafe5201763697e38a3f0726103783baf338448153752c464fff797948dc01c
  languageName: node
  linkType: hard

"@otplib/preset-v11@npm:^12.0.1":
  version: 12.0.1
  resolution: "@otplib/preset-v11@npm:12.0.1"
  dependencies:
    "@otplib/core": "npm:^12.0.1"
    "@otplib/plugin-crypto": "npm:^12.0.1"
    "@otplib/plugin-thirty-two": "npm:^12.0.1"
  checksum: 10c0/5a1bf8198f169182e267ab6ae3115f2441190f34a212e8232ff4b9c2c8a7253fddf3aa185ab9a6246487e9c1052b676395e80b6e0b2825fa218eb8e29bd7b14b
  languageName: node
  linkType: hard

"@types/node@npm:^24.0.12":
  version: 24.0.12
  resolution: "@types/node@npm:24.0.12"
  dependencies:
    undici-types: "npm:~7.8.0"
  checksum: 10c0/333777c3416b758bbdb72a09e9db5599ff7789dca519d3fcf8150a1c56c79d808e0009e92d52016e80033b3c52724def08aad2c5b396e28f00dbdfe40a1756a4
  languageName: node
  linkType: hard

"@types/yargs-parser@npm:*":
  version: 21.0.3
  resolution: "@types/yargs-parser@npm:21.0.3"
  checksum: 10c0/e71c3bd9d0b73ca82e10bee2064c384ab70f61034bbfb78e74f5206283fc16a6d85267b606b5c22cb2a3338373586786fed595b2009825d6a9115afba36560a0
  languageName: node
  linkType: hard

"@types/yargs@npm:^17.0.33":
  version: 17.0.33
  resolution: "@types/yargs@npm:17.0.33"
  dependencies:
    "@types/yargs-parser": "npm:*"
  checksum: 10c0/d16937d7ac30dff697801c3d6f235be2166df42e4a88bf730fa6dc09201de3727c0a9500c59a672122313341de5f24e45ee0ff579c08ce91928e519090b7906b
  languageName: node
  linkType: hard

"ansi-escapes@npm:^4.3.2":
  version: 4.3.2
  resolution: "ansi-escapes@npm:4.3.2"
  dependencies:
    type-fest: "npm:^0.21.3"
  checksum: 10c0/da917be01871525a3dfcf925ae2977bc59e8c513d4423368645634bf5d4ceba5401574eb705c1e92b79f7292af5a656f78c5725a4b0e1cec97c4b413705c1d50
  languageName: node
  linkType: hard

"ansi-regex@npm:^5.0.1":
  version: 5.0.1
  resolution: "ansi-regex@npm:5.0.1"
  checksum: 10c0/9a64bb8627b434ba9327b60c027742e5d17ac69277960d041898596271d992d4d52ba7267a63ca10232e29f6107fc8a835f6ce8d719b88c5f8493f8254813737
  languageName: node
  linkType: hard

"ansi-regex@npm:^6.0.1":
  version: 6.1.0
  resolution: "ansi-regex@npm:6.1.0"
  checksum: 10c0/a91daeddd54746338478eef88af3439a7edf30f8e23196e2d6ed182da9add559c601266dbef01c2efa46a958ad6f1f8b176799657616c702b5b02e799e7fd8dc
  languageName: node
  linkType: hard

"ansi-styles@npm:^4.0.0":
  version: 4.3.0
  resolution: "ansi-styles@npm:4.3.0"
  dependencies:
    color-convert: "npm:^2.0.1"
  checksum: 10c0/895a23929da416f2bd3de7e9cb4eabd340949328ab85ddd6e484a637d8f6820d485f53933446f5291c3b760cbc488beb8e88573dd0f9c7daf83dccc8fe81b041
  languageName: node
  linkType: hard

"ansi-styles@npm:^6.2.1":
  version: 6.2.1
  resolution: "ansi-styles@npm:6.2.1"
  checksum: 10c0/5d1ec38c123984bcedd996eac680d548f31828bd679a66db2bdf11844634dde55fec3efa9c6bb1d89056a5e79c1ac540c4c784d592ea1d25028a92227d2f2d5c
  languageName: node
  linkType: hard

"chardet@npm:^0.7.0":
  version: 0.7.0
  resolution: "chardet@npm:0.7.0"
  checksum: 10c0/96e4731b9ec8050cbb56ab684e8c48d6c33f7826b755802d14e3ebfdc51c57afeece3ea39bc6b09acc359e4363525388b915e16640c1378053820f5e70d0f27d
  languageName: node
  linkType: hard

"cli-width@npm:^4.1.0":
  version: 4.1.0
  resolution: "cli-width@npm:4.1.0"
  checksum: 10c0/1fbd56413578f6117abcaf858903ba1f4ad78370a4032f916745fa2c7e390183a9d9029cf837df320b0fdce8137668e522f60a30a5f3d6529ff3872d265a955f
  languageName: node
  linkType: hard

"cliui@npm:^9.0.1":
  version: 9.0.1
  resolution: "cliui@npm:9.0.1"
  dependencies:
    string-width: "npm:^7.2.0"
    strip-ansi: "npm:^7.1.0"
    wrap-ansi: "npm:^9.0.0"
  checksum: 10c0/13441832e9efe7c7a76bd2b8e683555c478d461a9f249dc5db9b17fe8d4b47fa9277b503914b90bd00e4a151abb6b9b02b2288972ffe2e5e3ca40bcb1c2330d3
  languageName: node
  linkType: hard

"color-convert@npm:^2.0.1":
  version: 2.0.1
  resolution: "color-convert@npm:2.0.1"
  dependencies:
    color-name: "npm:~1.1.4"
  checksum: 10c0/37e1150172f2e311fe1b2df62c6293a342ee7380da7b9cfdba67ea539909afbd74da27033208d01d6d5cfc65ee7868a22e18d7e7648e004425441c0f8a15a7d7
  languageName: node
  linkType: hard

"color-name@npm:~1.1.4":
  version: 1.1.4
  resolution: "color-name@npm:1.1.4"
  checksum: 10c0/a1a3f914156960902f46f7f56bc62effc6c94e84b2cae157a526b1c1f74b677a47ec602bf68a61abfa2b42d15b7c5651c6dbe72a43af720bc588dff885b10f95
  languageName: node
  linkType: hard

"commander@npm:^11.1.0":
  version: 11.1.0
  resolution: "commander@npm:11.1.0"
  checksum: 10c0/13cc6ac875e48780250f723fb81c1c1178d35c5decb1abb1b628b3177af08a8554e76b2c0f29de72d69eef7c864d12613272a71fabef8047922bc622ab75a179
  languageName: node
  linkType: hard

"cross-spawn@npm:^7.0.3":
  version: 7.0.6
  resolution: "cross-spawn@npm:7.0.6"
  dependencies:
    path-key: "npm:^3.1.0"
    shebang-command: "npm:^2.0.0"
    which: "npm:^2.0.1"
  checksum: 10c0/053ea8b2135caff68a9e81470e845613e374e7309a47731e81639de3eaeb90c3d01af0e0b44d2ab9d50b43467223b88567dfeb3262db942dc063b9976718ffc1
  languageName: node
  linkType: hard

"domrobot-client@npm:^3.3.0":
  version: 3.3.0
  resolution: "domrobot-client@npm:3.3.0"
  dependencies:
    otplib: "npm:^12.0.1"
  checksum: 10c0/fd6f235c71e5eadd1e3a56a4a09e5fcbce480d1e700f6ed54cc61e8ef2c6713ae37b98daf9c981149aae9a37aa5ed76705b6479ff35dd4004a59edb691ad3663
  languageName: node
  linkType: hard

"dotenv@npm:^16.4.5":
  version: 16.6.1
  resolution: "dotenv@npm:16.6.1"
  checksum: 10c0/15ce56608326ea0d1d9414a5c8ee6dcf0fffc79d2c16422b4ac2268e7e2d76ff5a572d37ffe747c377de12005f14b3cc22361e79fc7f1061cce81f77d2c973dc
  languageName: node
  linkType: hard

"eciesjs@npm:^0.4.10":
  version: 0.4.15
  resolution: "eciesjs@npm:0.4.15"
  dependencies:
    "@ecies/ciphers": "npm:^0.2.3"
    "@noble/ciphers": "npm:^1.3.0"
    "@noble/curves": "npm:^1.9.1"
    "@noble/hashes": "npm:^1.8.0"
  checksum: 10c0/b5fc236810ff50e02f4d3155ab07f3a5d817ed7611fc63acef348e796a198a10bedf4adb152f512bcdc6ec90eb04a6f66606776bd56078d6d20bf3815bdc3f1c
  languageName: node
  linkType: hard

"emoji-regex@npm:^10.3.0":
  version: 10.4.0
  resolution: "emoji-regex@npm:10.4.0"
  checksum: 10c0/a3fcedfc58bfcce21a05a5f36a529d81e88d602100145fcca3dc6f795e3c8acc4fc18fe773fbf9b6d6e9371205edb3afa2668ec3473fa2aa7fd47d2a9d46482d
  languageName: node
  linkType: hard

"emoji-regex@npm:^8.0.0":
  version: 8.0.0
  resolution: "emoji-regex@npm:8.0.0"
  checksum: 10c0/b6053ad39951c4cf338f9092d7bfba448cdfd46fe6a2a034700b149ac9ffbc137e361cbd3c442297f86bed2e5f7576c1b54cc0a6bf8ef5106cc62f496af35010
  languageName: node
  linkType: hard

"escalade@npm:^3.1.1":
  version: 3.2.0
  resolution: "escalade@npm:3.2.0"
  checksum: 10c0/ced4dd3a78e15897ed3be74e635110bbf3b08877b0a41be50dcb325ee0e0b5f65fc2d50e9845194d7c4633f327e2e1c6cce00a71b617c5673df0374201d67f65
  languageName: node
  linkType: hard

"execa@npm:^5.1.1":
  version: 5.1.1
  resolution: "execa@npm:5.1.1"
  dependencies:
    cross-spawn: "npm:^7.0.3"
    get-stream: "npm:^6.0.0"
    human-signals: "npm:^2.1.0"
    is-stream: "npm:^2.0.0"
    merge-stream: "npm:^2.0.0"
    npm-run-path: "npm:^4.0.1"
    onetime: "npm:^5.1.2"
    signal-exit: "npm:^3.0.3"
    strip-final-newline: "npm:^2.0.0"
  checksum: 10c0/c8e615235e8de4c5addf2fa4c3da3e3aa59ce975a3e83533b4f6a71750fb816a2e79610dc5f1799b6e28976c9ae86747a36a606655bf8cb414a74d8d507b304f
  languageName: node
  linkType: hard

"external-editor@npm:^3.1.0":
  version: 3.1.0
  resolution: "external-editor@npm:3.1.0"
  dependencies:
    chardet: "npm:^0.7.0"
    iconv-lite: "npm:^0.4.24"
    tmp: "npm:^0.0.33"
  checksum: 10c0/c98f1ba3efdfa3c561db4447ff366a6adb5c1e2581462522c56a18bf90dfe4da382f9cd1feee3e330108c3595a854b218272539f311ba1b3298f841eb0fbf339
  languageName: node
  linkType: hard

"fdir@npm:^6.2.0":
  version: 6.4.6
  resolution: "fdir@npm:6.4.6"
  peerDependencies:
    picomatch: ^3 || ^4
  peerDependenciesMeta:
    picomatch:
      optional: true
  checksum: 10c0/45b559cff889934ebb8bc498351e5acba40750ada7e7d6bde197768d2fa67c149be8ae7f8ff34d03f4e1eb20f2764116e56440aaa2f6689e9a4aa7ef06acafe9
  languageName: node
  linkType: hard

"get-caller-file@npm:^2.0.5":
  version: 2.0.5
  resolution: "get-caller-file@npm:2.0.5"
  checksum: 10c0/c6c7b60271931fa752aeb92f2b47e355eac1af3a2673f47c9589e8f8a41adc74d45551c1bc57b5e66a80609f10ffb72b6f575e4370d61cc3f7f3aaff01757cde
  languageName: node
  linkType: hard

"get-east-asian-width@npm:^1.0.0":
  version: 1.3.0
  resolution: "get-east-asian-width@npm:1.3.0"
  checksum: 10c0/1a049ba697e0f9a4d5514c4623781c5246982bdb61082da6b5ae6c33d838e52ce6726407df285cdbb27ec1908b333cf2820989bd3e986e37bb20979437fdf34b
  languageName: node
  linkType: hard

"get-stream@npm:^6.0.0":
  version: 6.0.1
  resolution: "get-stream@npm:6.0.1"
  checksum: 10c0/49825d57d3fd6964228e6200a58169464b8e8970489b3acdc24906c782fb7f01f9f56f8e6653c4a50713771d6658f7cfe051e5eb8c12e334138c9c918b296341
  languageName: node
  linkType: hard

"human-signals@npm:^2.1.0":
  version: 2.1.0
  resolution: "human-signals@npm:2.1.0"
  checksum: 10c0/695edb3edfcfe9c8b52a76926cd31b36978782062c0ed9b1192b36bebc75c4c87c82e178dfcb0ed0fc27ca59d434198aac0bd0be18f5781ded775604db22304a
  languageName: node
  linkType: hard

"iconv-lite@npm:^0.4.24":
  version: 0.4.24
  resolution: "iconv-lite@npm:0.4.24"
  dependencies:
    safer-buffer: "npm:>= 2.1.2 < 3"
  checksum: 10c0/c6886a24cc00f2a059767440ec1bc00d334a89f250db8e0f7feb4961c8727118457e27c495ba94d082e51d3baca378726cd110aaf7ded8b9bbfd6a44760cf1d4
  languageName: node
  linkType: hard

"ignore@npm:^5.3.0":
  version: 5.3.2
  resolution: "ignore@npm:5.3.2"
  checksum: 10c0/f9f652c957983634ded1e7f02da3b559a0d4cc210fca3792cb67f1b153623c9c42efdc1c4121af171e295444459fc4a9201101fb041b1104a3c000bccb188337
  languageName: node
  linkType: hard

"is-fullwidth-code-point@npm:^3.0.0":
  version: 3.0.0
  resolution: "is-fullwidth-code-point@npm:3.0.0"
  checksum: 10c0/bb11d825e049f38e04c06373a8d72782eee0205bda9d908cc550ccb3c59b99d750ff9537982e01733c1c94a58e35400661f57042158ff5e8f3e90cf936daf0fc
  languageName: node
  linkType: hard

"is-stream@npm:^2.0.0":
  version: 2.0.1
  resolution: "is-stream@npm:2.0.1"
  checksum: 10c0/7c284241313fc6efc329b8d7f08e16c0efeb6baab1b4cd0ba579eb78e5af1aa5da11e68559896a2067cd6c526bd29241dda4eb1225e627d5aa1a89a76d4635a5
  languageName: node
  linkType: hard

"isexe@npm:^2.0.0":
  version: 2.0.0
  resolution: "isexe@npm:2.0.0"
  checksum: 10c0/228cfa503fadc2c31596ab06ed6aa82c9976eec2bfd83397e7eaf06d0ccf42cd1dfd6743bf9aeb01aebd4156d009994c5f76ea898d2832c1fe342da923ca457d
  languageName: node
  linkType: hard

"isexe@npm:^3.1.1":
  version: 3.1.1
  resolution: "isexe@npm:3.1.1"
  checksum: 10c0/9ec257654093443eb0a528a9c8cbba9c0ca7616ccb40abd6dde7202734d96bb86e4ac0d764f0f8cd965856aacbff2f4ce23e730dc19dfb41e3b0d865ca6fdcc7
  languageName: node
  linkType: hard

"merge-stream@npm:^2.0.0":
  version: 2.0.0
  resolution: "merge-stream@npm:2.0.0"
  checksum: 10c0/867fdbb30a6d58b011449b8885601ec1690c3e41c759ecd5a9d609094f7aed0096c37823ff4a7190ef0b8f22cc86beb7049196ff68c016e3b3c671d0dac91ce5
  languageName: node
  linkType: hard

"mimic-fn@npm:^2.1.0":
  version: 2.1.0
  resolution: "mimic-fn@npm:2.1.0"
  checksum: 10c0/b26f5479d7ec6cc2bce275a08f146cf78f5e7b661b18114e2506dd91ec7ec47e7a25bf4360e5438094db0560bcc868079fb3b1fb3892b833c1ecbf63f80c95a4
  languageName: node
  linkType: hard

"mute-stream@npm:^2.0.0":
  version: 2.0.0
  resolution: "mute-stream@npm:2.0.0"
  checksum: 10c0/2cf48a2087175c60c8dcdbc619908b49c07f7adcfc37d29236b0c5c612d6204f789104c98cc44d38acab7b3c96f4a3ec2cfdc4934d0738d876dbefa2a12c69f4
  languageName: node
  linkType: hard

"npm-run-path@npm:^4.0.1":
  version: 4.0.1
  resolution: "npm-run-path@npm:4.0.1"
  dependencies:
    path-key: "npm:^3.0.0"
  checksum: 10c0/6f9353a95288f8455cf64cbeb707b28826a7f29690244c1e4bb61ec573256e021b6ad6651b394eb1ccfd00d6ec50147253aba2c5fe58a57ceb111fad62c519ac
  languageName: node
  linkType: hard

"object-treeify@npm:1.1.33":
  version: 1.1.33
  resolution: "object-treeify@npm:1.1.33"
  checksum: 10c0/5b735ac552200bf14f9892ce58295303e8d15a8cc7a0fd4fe6ff99923ab0c196fb70a870ab2a0eefc6820c4acb49e614b88c72d344b9c6bd22584a3efbd386fe
  languageName: node
  linkType: hard

"onetime@npm:^5.1.2":
  version: 5.1.2
  resolution: "onetime@npm:5.1.2"
  dependencies:
    mimic-fn: "npm:^2.1.0"
  checksum: 10c0/ffcef6fbb2692c3c40749f31ea2e22677a876daea92959b8a80b521d95cca7a668c884d8b2045d1d8ee7d56796aa405c405462af112a1477594cc63531baeb8f
  languageName: node
  linkType: hard

"os-tmpdir@npm:~1.0.2":
  version: 1.0.2
  resolution: "os-tmpdir@npm:1.0.2"
  checksum: 10c0/f438450224f8e2687605a8dd318f0db694b6293c5d835ae509a69e97c8de38b6994645337e5577f5001115470414638978cc49da1cdcc25106dad8738dc69990
  languageName: node
  linkType: hard

"otplib@npm:^12.0.1":
  version: 12.0.1
  resolution: "otplib@npm:12.0.1"
  dependencies:
    "@otplib/core": "npm:^12.0.1"
    "@otplib/preset-default": "npm:^12.0.1"
    "@otplib/preset-v11": "npm:^12.0.1"
  checksum: 10c0/5a6cd332ed38f9fb6915407775bb9b4bf298d4d32c7c5691291add913dc1788064ab4ca353315f8add4ea704af2cb2c970d2f2d354725c6daa0c945cd5d09811
  languageName: node
  linkType: hard

"path-key@npm:^3.0.0, path-key@npm:^3.1.0":
  version: 3.1.1
  resolution: "path-key@npm:3.1.1"
  checksum: 10c0/748c43efd5a569c039d7a00a03b58eecd1d75f3999f5a28303d75f521288df4823bc057d8784eb72358b2895a05f29a070bc9f1f17d28226cc4e62494cc58c4c
  languageName: node
  linkType: hard

"picomatch@npm:^4.0.2":
  version: 4.0.2
  resolution: "picomatch@npm:4.0.2"
  checksum: 10c0/7c51f3ad2bb42c776f49ebf964c644958158be30d0a510efd5a395e8d49cb5acfed5b82c0c5b365523ce18e6ab85013c9ebe574f60305892ec3fa8eee8304ccc
  languageName: node
  linkType: hard

"safer-buffer@npm:>= 2.1.2 < 3":
  version: 2.1.2
  resolution: "safer-buffer@npm:2.1.2"
  checksum: 10c0/7e3c8b2e88a1841c9671094bbaeebd94448111dd90a81a1f606f3f67708a6ec57763b3b47f06da09fc6054193e0e6709e77325415dc8422b04497a8070fa02d4
  languageName: node
  linkType: hard

"shebang-command@npm:^2.0.0":
  version: 2.0.0
  resolution: "shebang-command@npm:2.0.0"
  dependencies:
    shebang-regex: "npm:^3.0.0"
  checksum: 10c0/a41692e7d89a553ef21d324a5cceb5f686d1f3c040759c50aab69688634688c5c327f26f3ecf7001ebfd78c01f3c7c0a11a7c8bfd0a8bc9f6240d4f40b224e4e
  languageName: node
  linkType: hard

"shebang-regex@npm:^3.0.0":
  version: 3.0.0
  resolution: "shebang-regex@npm:3.0.0"
  checksum: 10c0/1dbed0726dd0e1152a92696c76c7f06084eb32a90f0528d11acd764043aacf76994b2fb30aa1291a21bd019d6699164d048286309a278855ee7bec06cf6fb690
  languageName: node
  linkType: hard

"signal-exit@npm:^3.0.3":
  version: 3.0.7
  resolution: "signal-exit@npm:3.0.7"
  checksum: 10c0/25d272fa73e146048565e08f3309d5b942c1979a6f4a58a8c59d5fa299728e9c2fcd1a759ec870863b1fd38653670240cd420dad2ad9330c71f36608a6a1c912
  languageName: node
  linkType: hard

"signal-exit@npm:^4.1.0":
  version: 4.1.0
  resolution: "signal-exit@npm:4.1.0"
  checksum: 10c0/41602dce540e46d599edba9d9860193398d135f7ff72cab629db5171516cfae628d21e7bfccde1bbfdf11c48726bc2a6d1a8fb8701125852fbfda7cf19c6aa83
  languageName: node
  linkType: hard

"string-width@npm:^4.1.0":
  version: 4.2.3
  resolution: "string-width@npm:4.2.3"
  dependencies:
    emoji-regex: "npm:^8.0.0"
    is-fullwidth-code-point: "npm:^3.0.0"
    strip-ansi: "npm:^6.0.1"
  checksum: 10c0/1e525e92e5eae0afd7454086eed9c818ee84374bb80328fc41217ae72ff5f065ef1c9d7f72da41de40c75fa8bb3dee63d92373fd492c84260a552c636392a47b
  languageName: node
  linkType: hard

"string-width@npm:^7.0.0, string-width@npm:^7.2.0":
  version: 7.2.0
  resolution: "string-width@npm:7.2.0"
  dependencies:
    emoji-regex: "npm:^10.3.0"
    get-east-asian-width: "npm:^1.0.0"
    strip-ansi: "npm:^7.1.0"
  checksum: 10c0/eb0430dd43f3199c7a46dcbf7a0b34539c76fe3aa62763d0b0655acdcbdf360b3f66f3d58ca25ba0205f42ea3491fa00f09426d3b7d3040e506878fc7664c9b9
  languageName: node
  linkType: hard

"strip-ansi@npm:^6.0.0, strip-ansi@npm:^6.0.1":
  version: 6.0.1
  resolution: "strip-ansi@npm:6.0.1"
  dependencies:
    ansi-regex: "npm:^5.0.1"
  checksum: 10c0/1ae5f212a126fe5b167707f716942490e3933085a5ff6c008ab97ab2f272c8025d3aa218b7bd6ab25729ca20cc81cddb252102f8751e13482a5199e873680952
  languageName: node
  linkType: hard

"strip-ansi@npm:^7.1.0":
  version: 7.1.0
  resolution: "strip-ansi@npm:7.1.0"
  dependencies:
    ansi-regex: "npm:^6.0.1"
  checksum: 10c0/a198c3762e8832505328cbf9e8c8381de14a4fa50a4f9b2160138158ea88c0f5549fb50cb13c651c3088f47e63a108b34622ec18c0499b6c8c3a5ddf6b305ac4
  languageName: node
  linkType: hard

"strip-final-newline@npm:^2.0.0":
  version: 2.0.0
  resolution: "strip-final-newline@npm:2.0.0"
  checksum: 10c0/bddf8ccd47acd85c0e09ad7375409d81653f645fda13227a9d459642277c253d877b68f2e5e4d819fe75733b0e626bac7e954c04f3236f6d196f79c94fa4a96f
  languageName: node
  linkType: hard

"thirty-two@npm:^1.0.2":
  version: 1.0.2
  resolution: "thirty-two@npm:1.0.2"
  checksum: 10c0/a6f8c69a153a1aa4d6948eabe004f5a38e45cb869d7d6c535df7460fc44c95c596a60efc56cce56b5e4f0988601db1298be5d1b6ae3fe12dcdeb461c9aeadd17
  languageName: node
  linkType: hard

"tmp@npm:^0.0.33":
  version: 0.0.33
  resolution: "tmp@npm:0.0.33"
  dependencies:
    os-tmpdir: "npm:~1.0.2"
  checksum: 10c0/69863947b8c29cabad43fe0ce65cec5bb4b481d15d4b4b21e036b060b3edbf3bc7a5541de1bacb437bb3f7c4538f669752627fdf9b4aaf034cebd172ba373408
  languageName: node
  linkType: hard

"type-fest@npm:^0.21.3":
  version: 0.21.3
  resolution: "type-fest@npm:0.21.3"
  checksum: 10c0/902bd57bfa30d51d4779b641c2bc403cdf1371fb9c91d3c058b0133694fcfdb817aef07a47f40faf79039eecbaa39ee9d3c532deff244f3a19ce68cea71a61e8
  languageName: node
  linkType: hard

"typescript@npm:^5.0.0, typescript@npm:^5.8.3":
  version: 5.8.3
  resolution: "typescript@npm:5.8.3"
  bin:
    tsc: bin/tsc
    tsserver: bin/tsserver
  checksum: 10c0/5f8bb01196e542e64d44db3d16ee0e4063ce4f3e3966df6005f2588e86d91c03e1fb131c2581baf0fb65ee79669eea6e161cd448178986587e9f6844446dbb48
  languageName: node
  linkType: hard

"typescript@patch:typescript@npm%3A^5.0.0#optional!builtin<compat/typescript>, typescript@patch:typescript@npm%3A^5.8.3#optional!builtin<compat/typescript>":
  version: 5.8.3
  resolution: "typescript@patch:typescript@npm%3A5.8.3#optional!builtin<compat/typescript>::version=5.8.3&hash=5786d5"
  bin:
    tsc: bin/tsc
    tsserver: bin/tsserver
  checksum: 10c0/39117e346ff8ebd87ae1510b3a77d5d92dae5a89bde588c747d25da5c146603a99c8ee588c7ef80faaf123d89ed46f6dbd918d534d641083177d5fac38b8a1cb
  languageName: node
  linkType: hard

"undici-types@npm:~7.8.0":
  version: 7.8.0
  resolution: "undici-types@npm:7.8.0"
  checksum: 10c0/9d9d246d1dc32f318d46116efe3cfca5a72d4f16828febc1918d94e58f6ffcf39c158aa28bf5b4fc52f410446bc7858f35151367bd7a49f21746cab6497b709b
  languageName: node
  linkType: hard

"which@npm:^2.0.1":
  version: 2.0.2
  resolution: "which@npm:2.0.2"
  dependencies:
    isexe: "npm:^2.0.0"
  bin:
    node-which: ./bin/node-which
  checksum: 10c0/66522872a768b60c2a65a57e8ad184e5372f5b6a9ca6d5f033d4b0dc98aff63995655a7503b9c0a2598936f532120e81dd8cc155e2e92ed662a2b9377cc4374f
  languageName: node
  linkType: hard

"which@npm:^4.0.0":
  version: 4.0.0
  resolution: "which@npm:4.0.0"
  dependencies:
    isexe: "npm:^3.1.1"
  bin:
    node-which: bin/which.js
  checksum: 10c0/449fa5c44ed120ccecfe18c433296a4978a7583bf2391c50abce13f76878d2476defde04d0f79db8165bdf432853c1f8389d0485ca6e8ebce3bbcded513d5e6a
  languageName: node
  linkType: hard

"wrap-ansi@npm:^6.2.0":
  version: 6.2.0
  resolution: "wrap-ansi@npm:6.2.0"
  dependencies:
    ansi-styles: "npm:^4.0.0"
    string-width: "npm:^4.1.0"
    strip-ansi: "npm:^6.0.0"
  checksum: 10c0/baad244e6e33335ea24e86e51868fe6823626e3a3c88d9a6674642afff1d34d9a154c917e74af8d845fd25d170c4ea9cf69a47133c3f3656e1252b3d462d9f6c
  languageName: node
  linkType: hard

"wrap-ansi@npm:^9.0.0":
  version: 9.0.0
  resolution: "wrap-ansi@npm:9.0.0"
  dependencies:
    ansi-styles: "npm:^6.2.1"
    string-width: "npm:^7.0.0"
    strip-ansi: "npm:^7.1.0"
  checksum: 10c0/a139b818da9573677548dd463bd626a5a5286271211eb6e4e82f34a4f643191d74e6d4a9bb0a3c26ec90e6f904f679e0569674ac099ea12378a8b98e20706066
  languageName: node
  linkType: hard

"y18n@npm:^5.0.5":
  version: 5.0.8
  resolution: "y18n@npm:5.0.8"
  checksum: 10c0/4df2842c36e468590c3691c894bc9cdbac41f520566e76e24f59401ba7d8b4811eb1e34524d57e54bc6d864bcb66baab7ffd9ca42bf1eda596618f9162b91249
  languageName: node
  linkType: hard

"yargs-parser@npm:^22.0.0":
  version: 22.0.0
  resolution: "yargs-parser@npm:22.0.0"
  checksum: 10c0/cb7ef81759c4271cb1d96b9351dbbc9a9ce35d3e1122d2b739bf6c432603824fa02c67cc12dcef6ea80283379d63495686e8f41cc7b06c6576e792aba4d33e1c
  languageName: node
  linkType: hard

"yargs@npm:^18.0.0":
  version: 18.0.0
  resolution: "yargs@npm:18.0.0"
  dependencies:
    cliui: "npm:^9.0.1"
    escalade: "npm:^3.1.1"
    get-caller-file: "npm:^2.0.5"
    string-width: "npm:^7.2.0"
    y18n: "npm:^5.0.5"
    yargs-parser: "npm:^22.0.0"
  checksum: 10c0/bf290e4723876ea9c638c786a5c42ac28e03c9ca2325e1424bf43b94e5876456292d3ed905b853ebbba6daf43ed29e772ac2a6b3c5fb1b16533245d6211778f3
  languageName: node
  linkType: hard

"yoctocolors-cjs@npm:^2.1.2":
  version: 2.1.2
  resolution: "yoctocolors-cjs@npm:2.1.2"
  checksum: 10c0/a0e36eb88fea2c7981eab22d1ba45e15d8d268626e6c4143305e2c1628fa17ebfaa40cd306161a8ce04c0a60ee0262058eab12567493d5eb1409780853454c6f
  languageName: node
  linkType: hard
